
Microsoft Visual Studio Solution File, Format Version 12.00
# Visual Studio Version 17
VisualStudioVersion = 17.4.33213.308
MinimumVisualStudioVersion = 10.0.40219.1
Project("{888888A0-9F3D-457C-B088-3A5042F75D52}") = "AIBotSimulatorAPI", "AIBotSimulatorAPI\AIBotSimulatorAPI.pyproj", "{CB861EBF-D0F7-4E3F-A149-D795A9F28C24}"
EndProject
Global
	GlobalSection(SolutionConfigurationPlatforms) = preSolution
		Debug|Any CPU = Debug|Any CPU
		Release|Any CPU = Release|Any CPU
	EndGlobalSection
	GlobalSection(ProjectConfigurationPlatforms) = postSolution
		{CB861EBF-D0F7-4E3F-A149-D795A9F28C24}.Debug|Any CPU.ActiveCfg = Debug|Any CPU
		{CB861EBF-D0F7-4E3F-A149-D795A9F28C24}.Release|Any CPU.ActiveCfg = Release|Any CPU
	EndGlobalSection
	GlobalSection(SolutionProperties) = preSolution
		HideSolutionNode = FALSE
	EndGlobalSection
	GlobalSection(ExtensibilityGlobals) = postSolution
		SolutionGuid = {BE5C6640-9D12-468E-8A82-C95B3D8309DA}
	EndGlobalSection
EndGlobal
